
Microsoft Visual Studio Solution File, Format Version 12.00
Project("{FAE04EC0-301F-11D3-BF4B-00C04F79EFBC}") = "ReverseAPI", "ReverseAPI\ReverseAPI.csproj", "{F76EB463-DF01-4AC7-AFA5-5C9327B37A1C}"
EndProject
Project("{FAE04EC0-301F-11D3-BF4B-00C04F79EFBC}") = "ReverseTests", "ReverseTests\ReverseTests.csproj", "{FCED5763-EAFF-4E00-A734-EC212F2DA72D}"
EndProject
Global
	GlobalSection(SolutionConfigurationPlatforms) = preSolution
		Debug|Any CPU = Debug|Any CPU
		Release|Any CPU = Release|Any CPU
	EndGlobalSection
	GlobalSection(ProjectConfigurationPlatforms) = postSolution
		{F76EB463-DF01-4AC7-AFA5-5C9327B37A1C}.Debug|Any CPU.ActiveCfg = Debug|Any CPU
		{F76EB463-DF01-4AC7-AFA5-5C9327B37A1C}.Debug|Any CPU.Build.0 = Debug|Any CPU
		{F76EB463-DF01-4AC7-AFA5-5C9327B37A1C}.Release|Any CPU.ActiveCfg = Release|Any CPU
		{F76EB463-DF01-4AC7-AFA5-5C9327B37A1C}.Release|Any CPU.Build.0 = Release|Any CPU
		{FCED5763-EAFF-4E00-A734-EC212F2DA72D}.Debug|Any CPU.ActiveCfg = Debug|Any CPU
		{FCED5763-EAFF-4E00-A734-EC212F2DA72D}.Debug|Any CPU.Build.0 = Debug|Any CPU
		{FCED5763-EAFF-4E00-A734-EC212F2DA72D}.Release|Any CPU.ActiveCfg = Release|Any CPU
		{FCED5763-EAFF-4E00-A734-EC212F2DA72D}.Release|Any CPU.Build.0 = Release|Any CPU
	EndGlobalSection
EndGlobal
